
Microsoft Visual Studio Solution File, Format Version 12.00
# Visual Studio Version 16
VisualStudioVersion = 16.0.31624.102
MinimumVisualStudioVersion = 10.0.40219.1
Project("{FAE04EC0-301F-11D3-BF4B-00C04F79EFBC}") = "Calculadora", "Calculadora\Calculadora.csproj", "{62831BC9-2E37-44B6-8FEE-D62759F2F5AF}"
EndProject
Global
	GlobalSection(SolutionConfigurationPlatforms) = preSolution
		Debug|Any CPU = Debug|Any CPU
		Release|Any CPU = Release|Any CPU
	EndGlobalSection
	GlobalSection(ProjectConfigurationPlatforms) = postSolution
		{62831BC9-2E37-44B6-8FEE-D62759F2F5AF}.Debug|Any CPU.ActiveCfg = Debug|Any CPU
		{62831BC9-2E37-44B6-8FEE-D62759F2F5AF}.Debug|Any CPU.Build.0 = Debug|Any CPU
		{62831BC9-2E37-44B6-8FEE-D62759F2F5AF}.Release|Any CPU.ActiveCfg = Release|Any CPU
		{62831BC9-2E37-44B6-8FEE-D62759F2F5AF}.Release|Any CPU.Build.0 = Release|Any CPU
	EndGlobalSection
	GlobalSection(SolutionProperties) = preSolution
		HideSolutionNode = FALSE
	EndGlobalSection
	GlobalSection(ExtensibilityGlobals) = postSolution
		SolutionGuid = {EB603E32-FA75-4375-8DF2-DF5F5835BD32}
	EndGlobalSection
EndGlobal
